github.com/go-chi/chi/v5 v5.3.0 h1:halUjDxhshgXHMrao5bB8eNBXo/rnzwr8m5m36glehM=
github.com/go-chi/chi/v5 v5.3.0/go.mod h1:R+tYY2hNuVUUjxoPtqUdgBqevM9s9njzkTLutVsOCto=
github.com/uber/h3-go/v4 v4.5.0 h1:7ruJoHCtYOCyihXfQRsPb4o6CfkhCBtVeZFM7+z1kww=
github.com/uber/h3-go/v4 v4.5.0/go.mod h1:19vfSV5HQsnRZev7V0SPmTkVSZErL7/io8M/nx+++30=
